
Microsoft Visual Studio Solution File, Format Version 12.00
# Visual Studio Version 16
VisualStudioVersion = 16.0.31515.178
MinimumVisualStudioVersion = 10.0.40219.1
Project("{2150E333-8FDC-42A3-9474-1A3956D46DE8}") = "Libraries", "Libraries", "{139D8E80-6922-466F-9C1E-2C3DB085F634}"
EndProject
Project("{2150E333-8FDC-42A3-9474-1A3956D46DE8}") = "Presentation", "Presentation", "{1206E944-21BB-4E32-A4E5-6F3D92680E11}"
EndProject
Project("{9A19103F-16F7-4668-BE54-9A1E7A4F7556}") = "Dev.FileManager.Api", "Presentation\Dev.FileManager.Api\Dev.FileManager.Api.csproj", "{03BA4275-D92F-4EDA-9B41-832C30C0DBA8}"
EndProject
Project("{2150E333-8FDC-42A3-9474-1A3956D46DE8}") = "Data", "Data", "{8EBFF3A2-E498-45F0-8F8C-C1AF707350F0}"
EndProject
Project("{9A19103F-16F7-4668-BE54-9A1E7A4F7556}") = "Dev.Data", "..\..\devfreco\src\Libraries\Data\Dev.Data\Dev.Data.csproj", "{3A7F31C6-C11E-4C67-B268-23605D648B02}"
EndProject
Project("{9A19103F-16F7-4668-BE54-9A1E7A4F7556}") = "Dev.Data.Mongo", "..\..\devfreco\src\Libraries\Data\Dev.Data.Mongo\Dev.Data.Mongo.csproj", "{7D367F3A-FDCE-49E4-B2B7-355F7DF11C88}"
EndProject
Global
	GlobalSection(SolutionConfigurationPlatforms) = preSolution
		Debug|Any CPU = Debug|Any CPU
		Release|Any CPU = Release|Any CPU
	EndGlobalSection
	GlobalSection(ProjectConfigurationPlatforms) = postSolution
		{03BA4275-D92F-4EDA-9B41-832C30C0DBA8}.Debug|Any CPU.ActiveCfg = Debug|Any CPU
		{03BA4275-D92F-4EDA-9B41-832C30C0DBA8}.Debug|Any CPU.Build.0 = Debug|Any CPU
		{03BA4275-D92F-4EDA-9B41-832C30C0DBA8}.Release|Any CPU.ActiveCfg = Release|Any CPU
		{03BA4275-D92F-4EDA-9B41-832C30C0DBA8}.Release|Any CPU.Build.0 = Release|Any CPU
		{3A7F31C6-C11E-4C67-B268-23605D648B02}.Debug|Any CPU.ActiveCfg = Debug|Any CPU
		{3A7F31C6-C11E-4C67-B268-23605D648B02}.Debug|Any CPU.Build.0 = Debug|Any CPU
		{3A7F31C6-C11E-4C67-B268-23605D648B02}.Release|Any CPU.ActiveCfg = Release|Any CPU
		{3A7F31C6-C11E-4C67-B268-23605D648B02}.Release|Any CPU.Build.0 = Release|Any CPU
		{7D367F3A-FDCE-49E4-B2B7-355F7DF11C88}.Debug|Any CPU.ActiveCfg = Debug|Any CPU
		{7D367F3A-FDCE-49E4-B2B7-355F7DF11C88}.Debug|Any CPU.Build.0 = Debug|Any CPU
		{7D367F3A-FDCE-49E4-B2B7-355F7DF11C88}.Release|Any CPU.ActiveCfg = Release|Any CPU
		{7D367F3A-FDCE-49E4-B2B7-355F7DF11C88}.Release|Any CPU.Build.0 = Release|Any CPU
	EndGlobalSection
	GlobalSection(SolutionProperties) = preSolution
		HideSolutionNode = FALSE
	EndGlobalSection
	GlobalSection(NestedProjects) = preSolution
		{03BA4275-D92F-4EDA-9B41-832C30C0DBA8} = {1206E944-21BB-4E32-A4E5-6F3D92680E11}
		{8EBFF3A2-E498-45F0-8F8C-C1AF707350F0} = {139D8E80-6922-466F-9C1E-2C3DB085F634}
		{3A7F31C6-C11E-4C67-B268-23605D648B02} = {8EBFF3A2-E498-45F0-8F8C-C1AF707350F0}
		{7D367F3A-FDCE-49E4-B2B7-355F7DF11C88} = {8EBFF3A2-E498-45F0-8F8C-C1AF707350F0}
	EndGlobalSection
	GlobalSection(ExtensibilityGlobals) = postSolution
		SolutionGuid = {9256F4F5-64CA-4CF5-A4F4-0DB02D4DD145}
	EndGlobalSection
EndGlobal
