
Microsoft Visual Studio Solution File, Format Version 12.00
# Visual Studio Version 16
VisualStudioVersion = 16.0.31515.178
MinimumVisualStudioVersion = 10.0.40219.1
Project("{2150E333-8FDC-42A3-9474-1A3956D46DE8}") = "Libraries", "Libraries", "{139D8E80-6922-466F-9C1E-2C3DB085F634}"
EndProject
Project("{2150E333-8FDC-42A3-9474-1A3956D46DE8}") = "Presentation", "Presentation", "{1206E944-21BB-4E32-A4E5-6F3D92680E11}"
EndProject
Project("{9A19103F-16F7-4668-BE54-9A1E7A4F7556}") = "Dev.FileManager.Api", "Presentation\Dev.FileManager.Api\Dev.FileManager.Api.csproj", "{03BA4275-D92F-4EDA-9B41-832C30C0DBA8}"
EndProject
Project("{9A19103F-16F7-4668-BE54-9A1E7A4F7556}") = "Dev.Core", "..\..\devfreco\src\Libraries\Dev.Core\Dev.Core.csproj", "{B9C0EF02-7698-40EE-99FA-D84699EEA99B}"
EndProject
Project("{9A19103F-16F7-4668-BE54-9A1E7A4F7556}") = "Dev.Framework", "..\..\devfreco\src\Presentation\Dev.Framework\Dev.Framework.csproj", "{7C31FF9E-A731-4ED9-85EF-7AB5BD445022}"
EndProject
Project("{2150E333-8FDC-42A3-9474-1A3956D46DE8}") = "Data", "Data", "{BBBD4265-EB34-4434-A74B-699A284B0F0F}"
EndProject
Project("{9A19103F-16F7-4668-BE54-9A1E7A4F7556}") = "Dev.Data", "..\..\devfreco\src\Libraries\Data\Dev.Data\Dev.Data.csproj", "{6EE92FC4-A83D-4BD9-B91F-ABD5376FE508}"
EndProject
Project("{9A19103F-16F7-4668-BE54-9A1E7A4F7556}") = "Dev.Data.Mongo", "..\..\devfreco\src\Libraries\Data\Dev.Data.Mongo\Dev.Data.Mongo.csproj", "{E9E12A8D-A00F-4FFA-9999-48AEFF9E8F7C}"
EndProject
Project("{9A19103F-16F7-4668-BE54-9A1E7A4F7556}") = "Dev.Data.Mssql", "..\..\devfreco\src\Libraries\Data\Dev.Data.Mssql\Dev.Data.Mssql.csproj", "{F4D8408A-2297-4135-9BF9-6AA1B72B5EAA}"
EndProject
Project("{9A19103F-16F7-4668-BE54-9A1E7A4F7556}") = "Dev.Data.Npgsql", "..\..\devfreco\src\Libraries\Data\Dev.Data.Npgsql\Dev.Data.Npgsql.csproj", "{71D29094-DE29-4223-B380-6FC9F6C5EC32}"
EndProject
Project("{2150E333-8FDC-42A3-9474-1A3956D46DE8}") = "Dto", "Dto", "{0F4EF2AB-C6D7-48CB-8170-00CA42EA474F}"
EndProject
Project("{9A19103F-16F7-4668-BE54-9A1E7A4F7556}") = "Dev.Dto.Mongo", "..\..\devfreco\src\Libraries\Dto\Dev.Dto.Mongo\Dev.Dto.Mongo.csproj", "{A2276C5B-E1F9-4796-8256-E8CBA104F9DD}"
EndProject
Project("{9A19103F-16F7-4668-BE54-9A1E7A4F7556}") = "Dev.Dto.Mssql", "..\..\devfreco\src\Libraries\Dto\Dev.Dto.Mssql\Dev.Dto.Mssql.csproj", "{F9784114-5861-407A-9917-BDAF781B49C4}"
EndProject
Project("{9A19103F-16F7-4668-BE54-9A1E7A4F7556}") = "Dev.Dto.Npgsql", "..\..\devfreco\src\Libraries\Dto\Dev.Dto.Npgsql\Dev.Dto.Npgsql.csproj", "{3AAF04C0-62EF-4CB0-8E3B-D1B1157B9FDC}"
EndProject
Project("{9A19103F-16F7-4668-BE54-9A1E7A4F7556}") = "Dev.Mongo", "..\..\devfreco\src\Libraries\Dev.Mongo\Dev.Mongo.csproj", "{F18D2F18-94B6-4CF5-ADD2-B2D75347F777}"
EndProject
Project("{9A19103F-16F7-4668-BE54-9A1E7A4F7556}") = "Dev.Mssql", "..\..\devfreco\src\Libraries\Dev.Mssql\Dev.Mssql.csproj", "{F1930867-B0D3-4DC8-A840-EF555DBA9E57}"
EndProject
Project("{9A19103F-16F7-4668-BE54-9A1E7A4F7556}") = "Dev.Npgsql", "..\..\devfreco\src\Libraries\Dev.Npgsql\Dev.Npgsql.csproj", "{00A4A562-383D-4CED-BAAA-850E2D530B11}"
EndProject
Project("{9A19103F-16F7-4668-BE54-9A1E7A4F7556}") = "Dev.Services", "..\..\devfreco\src\Libraries\Dev.Services\Dev.Services.csproj", "{81823789-5188-4776-B21F-95BF9343E3CA}"
EndProject
Global
	GlobalSection(SolutionConfigurationPlatforms) = preSolution
		Debug|Any CPU = Debug|Any CPU
		Release|Any CPU = Release|Any CPU
	EndGlobalSection
	GlobalSection(ProjectConfigurationPlatforms) = postSolution
		{03BA4275-D92F-4EDA-9B41-832C30C0DBA8}.Debug|Any CPU.ActiveCfg = Debug|Any CPU
		{03BA4275-D92F-4EDA-9B41-832C30C0DBA8}.Debug|Any CPU.Build.0 = Debug|Any CPU
		{03BA4275-D92F-4EDA-9B41-832C30C0DBA8}.Release|Any CPU.ActiveCfg = Release|Any CPU
		{03BA4275-D92F-4EDA-9B41-832C30C0DBA8}.Release|Any CPU.Build.0 = Release|Any CPU
		{B9C0EF02-7698-40EE-99FA-D84699EEA99B}.Debug|Any CPU.ActiveCfg = Debug|Any CPU
		{B9C0EF02-7698-40EE-99FA-D84699EEA99B}.Debug|Any CPU.Build.0 = Debug|Any CPU
		{B9C0EF02-7698-40EE-99FA-D84699EEA99B}.Release|Any CPU.ActiveCfg = Release|Any CPU
		{B9C0EF02-7698-40EE-99FA-D84699EEA99B}.Release|Any CPU.Build.0 = Release|Any CPU
		{7C31FF9E-A731-4ED9-85EF-7AB5BD445022}.Debug|Any CPU.ActiveCfg = Debug|Any CPU
		{7C31FF9E-A731-4ED9-85EF-7AB5BD445022}.Debug|Any CPU.Build.0 = Debug|Any CPU
		{7C31FF9E-A731-4ED9-85EF-7AB5BD445022}.Release|Any CPU.ActiveCfg = Release|Any CPU
		{7C31FF9E-A731-4ED9-85EF-7AB5BD445022}.Release|Any CPU.Build.0 = Release|Any CPU
		{6EE92FC4-A83D-4BD9-B91F-ABD5376FE508}.Debug|Any CPU.ActiveCfg = Debug|Any CPU
		{6EE92FC4-A83D-4BD9-B91F-ABD5376FE508}.Debug|Any CPU.Build.0 = Debug|Any CPU
		{6EE92FC4-A83D-4BD9-B91F-ABD5376FE508}.Release|Any CPU.ActiveCfg = Release|Any CPU
		{6EE92FC4-A83D-4BD9-B91F-ABD5376FE508}.Release|Any CPU.Build.0 = Release|Any CPU
		{E9E12A8D-A00F-4FFA-9999-48AEFF9E8F7C}.Debug|Any CPU.ActiveCfg = Debug|Any CPU
		{E9E12A8D-A00F-4FFA-9999-48AEFF9E8F7C}.Debug|Any CPU.Build.0 = Debug|Any CPU
		{E9E12A8D-A00F-4FFA-9999-48AEFF9E8F7C}.Release|Any CPU.ActiveCfg = Release|Any CPU
		{E9E12A8D-A00F-4FFA-9999-48AEFF9E8F7C}.Release|Any CPU.Build.0 = Release|Any CPU
		{F4D8408A-2297-4135-9BF9-6AA1B72B5EAA}.Debug|Any CPU.ActiveCfg = Debug|Any CPU
		{F4D8408A-2297-4135-9BF9-6AA1B72B5EAA}.Debug|Any CPU.Build.0 = Debug|Any CPU
		{F4D8408A-2297-4135-9BF9-6AA1B72B5EAA}.Release|Any CPU.ActiveCfg = Release|Any CPU
		{F4D8408A-2297-4135-9BF9-6AA1B72B5EAA}.Release|Any CPU.Build.0 = Release|Any CPU
		{71D29094-DE29-4223-B380-6FC9F6C5EC32}.Debug|Any CPU.ActiveCfg = Debug|Any CPU
		{71D29094-DE29-4223-B380-6FC9F6C5EC32}.Debug|Any CPU.Build.0 = Debug|Any CPU
		{71D29094-DE29-4223-B380-6FC9F6C5EC32}.Release|Any CPU.ActiveCfg = Release|Any CPU
		{71D29094-DE29-4223-B380-6FC9F6C5EC32}.Release|Any CPU.Build.0 = Release|Any CPU
		{A2276C5B-E1F9-4796-8256-E8CBA104F9DD}.Debug|Any CPU.ActiveCfg = Debug|Any CPU
		{A2276C5B-E1F9-4796-8256-E8CBA104F9DD}.Debug|Any CPU.Build.0 = Debug|Any CPU
		{A2276C5B-E1F9-4796-8256-E8CBA104F9DD}.Release|Any CPU.ActiveCfg = Release|Any CPU
		{A2276C5B-E1F9-4796-8256-E8CBA104F9DD}.Release|Any CPU.Build.0 = Release|Any CPU
		{F9784114-5861-407A-9917-BDAF781B49C4}.Debug|Any CPU.ActiveCfg = Debug|Any CPU
		{F9784114-5861-407A-9917-BDAF781B49C4}.Debug|Any CPU.Build.0 = Debug|Any CPU
		{F9784114-5861-407A-9917-BDAF781B49C4}.Release|Any CPU.ActiveCfg = Release|Any CPU
		{F9784114-5861-407A-9917-BDAF781B49C4}.Release|Any CPU.Build.0 = Release|Any CPU
		{3AAF04C0-62EF-4CB0-8E3B-D1B1157B9FDC}.Debug|Any CPU.ActiveCfg = Debug|Any CPU
		{3AAF04C0-62EF-4CB0-8E3B-D1B1157B9FDC}.Debug|Any CPU.Build.0 = Debug|Any CPU
		{3AAF04C0-62EF-4CB0-8E3B-D1B1157B9FDC}.Release|Any CPU.ActiveCfg = Release|Any CPU
		{3AAF04C0-62EF-4CB0-8E3B-D1B1157B9FDC}.Release|Any CPU.Build.0 = Release|Any CPU
		{F18D2F18-94B6-4CF5-ADD2-B2D75347F777}.Debug|Any CPU.ActiveCfg = Debug|Any CPU
		{F18D2F18-94B6-4CF5-ADD2-B2D75347F777}.Debug|Any CPU.Build.0 = Debug|Any CPU
		{F18D2F18-94B6-4CF5-ADD2-B2D75347F777}.Release|Any CPU.ActiveCfg = Release|Any CPU
		{F18D2F18-94B6-4CF5-ADD2-B2D75347F777}.Release|Any CPU.Build.0 = Release|Any CPU
		{F1930867-B0D3-4DC8-A840-EF555DBA9E57}.Debug|Any CPU.ActiveCfg = Debug|Any CPU
		{F1930867-B0D3-4DC8-A840-EF555DBA9E57}.Debug|Any CPU.Build.0 = Debug|Any CPU
		{F1930867-B0D3-4DC8-A840-EF555DBA9E57}.Release|Any CPU.ActiveCfg = Release|Any CPU
		{F1930867-B0D3-4DC8-A840-EF555DBA9E57}.Release|Any CPU.Build.0 = Release|Any CPU
		{00A4A562-383D-4CED-BAAA-850E2D530B11}.Debug|Any CPU.ActiveCfg = Debug|Any CPU
		{00A4A562-383D-4CED-BAAA-850E2D530B11}.Debug|Any CPU.Build.0 = Debug|Any CPU
		{00A4A562-383D-4CED-BAAA-850E2D530B11}.Release|Any CPU.ActiveCfg = Release|Any CPU
		{00A4A562-383D-4CED-BAAA-850E2D530B11}.Release|Any CPU.Build.0 = Release|Any CPU
		{81823789-5188-4776-B21F-95BF9343E3CA}.Debug|Any CPU.ActiveCfg = Debug|Any CPU
		{81823789-5188-4776-B21F-95BF9343E3CA}.Debug|Any CPU.Build.0 = Debug|Any CPU
		{81823789-5188-4776-B21F-95BF9343E3CA}.Release|Any CPU.ActiveCfg = Release|Any CPU
		{81823789-5188-4776-B21F-95BF9343E3CA}.Release|Any CPU.Build.0 = Release|Any CPU
	EndGlobalSection
	GlobalSection(SolutionProperties) = preSolution
		HideSolutionNode = FALSE
	EndGlobalSection
	GlobalSection(NestedProjects) = preSolution
		{03BA4275-D92F-4EDA-9B41-832C30C0DBA8} = {1206E944-21BB-4E32-A4E5-6F3D92680E11}
		{B9C0EF02-7698-40EE-99FA-D84699EEA99B} = {139D8E80-6922-466F-9C1E-2C3DB085F634}
		{7C31FF9E-A731-4ED9-85EF-7AB5BD445022} = {1206E944-21BB-4E32-A4E5-6F3D92680E11}
		{BBBD4265-EB34-4434-A74B-699A284B0F0F} = {139D8E80-6922-466F-9C1E-2C3DB085F634}
		{6EE92FC4-A83D-4BD9-B91F-ABD5376FE508} = {BBBD4265-EB34-4434-A74B-699A284B0F0F}
		{E9E12A8D-A00F-4FFA-9999-48AEFF9E8F7C} = {BBBD4265-EB34-4434-A74B-699A284B0F0F}
		{F4D8408A-2297-4135-9BF9-6AA1B72B5EAA} = {BBBD4265-EB34-4434-A74B-699A284B0F0F}
		{71D29094-DE29-4223-B380-6FC9F6C5EC32} = {BBBD4265-EB34-4434-A74B-699A284B0F0F}
		{0F4EF2AB-C6D7-48CB-8170-00CA42EA474F} = {139D8E80-6922-466F-9C1E-2C3DB085F634}
		{A2276C5B-E1F9-4796-8256-E8CBA104F9DD} = {0F4EF2AB-C6D7-48CB-8170-00CA42EA474F}
		{F9784114-5861-407A-9917-BDAF781B49C4} = {0F4EF2AB-C6D7-48CB-8170-00CA42EA474F}
		{3AAF04C0-62EF-4CB0-8E3B-D1B1157B9FDC} = {0F4EF2AB-C6D7-48CB-8170-00CA42EA474F}
		{F18D2F18-94B6-4CF5-ADD2-B2D75347F777} = {139D8E80-6922-466F-9C1E-2C3DB085F634}
		{F1930867-B0D3-4DC8-A840-EF555DBA9E57} = {139D8E80-6922-466F-9C1E-2C3DB085F634}
		{00A4A562-383D-4CED-BAAA-850E2D530B11} = {139D8E80-6922-466F-9C1E-2C3DB085F634}
		{81823789-5188-4776-B21F-95BF9343E3CA} = {139D8E80-6922-466F-9C1E-2C3DB085F634}
	EndGlobalSection
	GlobalSection(ExtensibilityGlobals) = postSolution
		SolutionGuid = {9256F4F5-64CA-4CF5-A4F4-0DB02D4DD145}
	EndGlobalSection
EndGlobal
